
Microsoft Visual Studio Solution File, Format Version 12.00
# Visual Studio Version 17
VisualStudioVersion = 17.4.33122.133
MinimumVisualStudioVersion = 10.0.40219.1
Project("{FAE04EC0-301F-11D3-BF4B-00C04F79EFBC}") = "HomeWork", "HomeWork\HomeWork.csproj", "{C04353A6-2CD9-47CA-A56C-F6047988276F}"
EndProject
Global
	GlobalSection(SolutionConfigurationPlatforms) = preSolution
		Debug|Any CPU = Debug|Any CPU
		Release|Any CPU = Release|Any CPU
	EndGlobalSection
	GlobalSection(ProjectConfigurationPlatforms) = postSolution
		{C04353A6-2CD9-47CA-A56C-F6047988276F}.Debug|Any CPU.ActiveCfg = Debug|Any CPU
		{C04353A6-2CD9-47CA-A56C-F6047988276F}.Debug|Any CPU.Build.0 = Debug|Any CPU
		{C04353A6-2CD9-47CA-A56C-F6047988276F}.Release|Any CPU.ActiveCfg = Release|Any CPU
		{C04353A6-2CD9-47CA-A56C-F6047988276F}.Release|Any CPU.Build.0 = Release|Any CPU
	EndGlobalSection
	GlobalSection(SolutionProperties) = preSolution
		HideSolutionNode = FALSE
	EndGlobalSection
	GlobalSection(ExtensibilityGlobals) = postSolution
		SolutionGuid = {E720912D-3FA2-4220-A8AF-36B876F37A4B}
	EndGlobalSection
EndGlobal
